
Microsoft Visual Studio Solution File, Format Version 12.00
# Visual Studio 15
VisualStudioVersion = 15.0.28307.645
MinimumVisualStudioVersion = 10.0.40219.1
Project("{FAE04EC0-301F-11D3-BF4B-00C04F79EFBC}") = "TcpTest", "TcpTest\TcpTest.csproj", "{437CEABC-B76C-4AC9-929E-B978D6BFA756}"
EndProject
Project("{FAE04EC0-301F-11D3-BF4B-00C04F79EFBC}") = "Server", "Server\Server.csproj", "{D79A4065-9C41-4F6F-89E2-6981E5ADD80F}"
EndProject
Global
	GlobalSection(SolutionConfigurationPlatforms) = preSolution
		Debug|Any CPU = Debug|Any CPU
		Release|Any CPU = Release|Any CPU
	EndGlobalSection
	GlobalSection(ProjectConfigurationPlatforms) = postSolution
		{437CEABC-B76C-4AC9-929E-B978D6BFA756}.Debug|Any CPU.ActiveCfg = Debug|Any CPU
		{437CEABC-B76C-4AC9-929E-B978D6BFA756}.Debug|Any CPU.Build.0 = Debug|Any CPU
		{437CEABC-B76C-4AC9-929E-B978D6BFA756}.Release|Any CPU.ActiveCfg = Release|Any CPU
		{437CEABC-B76C-4AC9-929E-B978D6BFA756}.Release|Any CPU.Build.0 = Release|Any CPU
		{D79A4065-9C41-4F6F-89E2-6981E5ADD80F}.Debug|Any CPU.ActiveCfg = Debug|Any CPU
		{D79A4065-9C41-4F6F-89E2-6981E5ADD80F}.Debug|Any CPU.Build.0 = Debug|Any CPU
		{D79A4065-9C41-4F6F-89E2-6981E5ADD80F}.Release|Any CPU.ActiveCfg = Release|Any CPU
		{D79A4065-9C41-4F6F-89E2-6981E5ADD80F}.Release|Any CPU.Build.0 = Release|Any CPU
	EndGlobalSection
	GlobalSection(SolutionProperties) = preSolution
		HideSolutionNode = FALSE
	EndGlobalSection
	GlobalSection(ExtensibilityGlobals) = postSolution
		SolutionGuid = {6515A6EC-903F-48CF-9380-A881908D9086}
	EndGlobalSection
EndGlobal
